
Microsoft Visual Studio Solution File, Format Version 12.00
# Visual Studio Version 17
VisualStudioVersion = 17.4.33403.182
MinimumVisualStudioVersion = 10.0.40219.1
Project("{FAE04EC0-301F-11D3-BF4B-00C04F79EFBC}") = "WSD_Project", "WSD_Project\WSD_Project.csproj", "{69ED6A68-27ED-4B42-A33B-DC3B909B798D}"
EndProject
Global
	GlobalSection(SolutionConfigurationPlatforms) = preSolution
		Debug|Any CPU = Debug|Any CPU
		Release|Any CPU = Release|Any CPU
	EndGlobalSection
	GlobalSection(ProjectConfigurationPlatforms) = postSolution
		{69ED6A68-27ED-4B42-A33B-DC3B909B798D}.Debug|Any CPU.ActiveCfg = Debug|Any CPU
		{69ED6A68-27ED-4B42-A33B-DC3B909B798D}.Debug|Any CPU.Build.0 = Debug|Any CPU
		{69ED6A68-27ED-4B42-A33B-DC3B909B798D}.Release|Any CPU.ActiveCfg = Release|Any CPU
		{69ED6A68-27ED-4B42-A33B-DC3B909B798D}.Release|Any CPU.Build.0 = Release|Any CPU
	EndGlobalSection
	GlobalSection(SolutionProperties) = preSolution
		HideSolutionNode = FALSE
	EndGlobalSection
	GlobalSection(ExtensibilityGlobals) = postSolution
		SolutionGuid = {10616800-8E31-4A8F-9A45-DC19C2A4345E}
	EndGlobalSection
EndGlobal
